
Microsoft Visual Studio Solution File, Format Version 12.00
Project("{FAE04EC0-301F-11D3-BF4B-00C04F79EFBC}") = "EvenDemoExample", "EvenDemoExample\EvenDemoExample.csproj", "{3CACA7B0-AAEB-4669-A79C-2403EA7E4035}"
EndProject
Global
	GlobalSection(SolutionConfigurationPlatforms) = preSolution
		Debug|Any CPU = Debug|Any CPU
		Release|Any CPU = Release|Any CPU
	EndGlobalSection
	GlobalSection(ProjectConfigurationPlatforms) = postSolution
		{3CACA7B0-AAEB-4669-A79C-2403EA7E4035}.Debug|Any CPU.ActiveCfg = Debug|Any CPU
		{3CACA7B0-AAEB-4669-A79C-2403EA7E4035}.Debug|Any CPU.Build.0 = Debug|Any CPU
		{3CACA7B0-AAEB-4669-A79C-2403EA7E4035}.Release|Any CPU.ActiveCfg = Release|Any CPU
		{3CACA7B0-AAEB-4669-A79C-2403EA7E4035}.Release|Any CPU.Build.0 = Release|Any CPU
	EndGlobalSection
EndGlobal
